// !$*UTF8*$!
{
	archiveVersion = 1;
	classes = {
	};
	objectVersion = 56;
	objects = {

/* Begin PBXBuildFile section */
		A0121A9B2C6413C600ED92A1 /* Color+Hex.swift in Sources */ = {isa = PBXBuildFile; fileRef = A0121A9A2C6413C600ED92A1 /* Color+Hex.swift */; };
		A0121A9F2C64CADB00ED92A1 /* APIModel.swift in Sources */ = {isa = PBXBuildFile; fileRef = A0121A9E2C64CADB00ED92A1 /* APIModel.swift */; };
		A0121AA22C64CDAE00ED92A1 /* CategoryListFeature.swift in Sources */ = {isa = PBXBuildFile; fileRef = A0121AA12C64CDAE00ED92A1 /* CategoryListFeature.swift */; };
		A0121AA52C64CDC900ED92A1 /* ComposableArchitecture in Frameworks */ = {isa = PBXBuildFile; productRef = A0121AA42C64CDC900ED92A1 /* ComposableArchitecture */; };
		A0121AA72C64CF2C00ED92A1 /* APIClient.swift in Sources */ = {isa = PBXBuildFile; fileRef = A0121AA62C64CF2C00ED92A1 /* APIClient.swift */; };
		A012D9B32C664FF7004AF04A /* FactsListFeature.swift in Sources */ = {isa = PBXBuildFile; fileRef = A012D9B22C664FF7004AF04A /* FactsListFeature.swift */; };
		A013B7D62C63D6E3004BF9F4 /* NetworkClient in Frameworks */ = {isa = PBXBuildFile; productRef = A013B7D52C63D6E3004BF9F4 /* NetworkClient */; };
		A07251B12C67A8EE004F79B6 /* CategoryRowFeature.swift in Sources */ = {isa = PBXBuildFile; fileRef = A07251B02C67A8EE004F79B6 /* CategoryRowFeature.swift */; };
		A07251B32C67B3EB004F79B6 /* AsyncImageLoadingFeature.swift in Sources */ = {isa = PBXBuildFile; fileRef = A07251B22C67B3EB004F79B6 /* AsyncImageLoadingFeature.swift */; };
		A07251B52C67B840004F79B6 /* AsyncImageWithFallback.swift in Sources */ = {isa = PBXBuildFile; fileRef = A07251B42C67B840004F79B6 /* AsyncImageWithFallback.swift */; };
		A07251B72C67B9D0004F79B6 /* CategoryRow.swift in Sources */ = {isa = PBXBuildFile; fileRef = A07251B62C67B9D0004F79B6 /* CategoryRow.swift */; };
		A08FEE112C68BC66007837D1 /* FactItemFeature.swift in Sources */ = {isa = PBXBuildFile; fileRef = A08FEE102C68BC66007837D1 /* FactItemFeature.swift */; };
		A08FEE132C68C0AE007837D1 /* FactItem.swift in Sources */ = {isa = PBXBuildFile; fileRef = A08FEE122C68C0AE007837D1 /* FactItem.swift */; };
		A09C20F82C63DABA00155E6B /* CategoriesList.swift in Sources */ = {isa = PBXBuildFile; fileRef = A09C20F72C63DABA00155E6B /* CategoriesList.swift */; };
		A09C20FC2C63DD6300155E6B /* FactsPager.swift in Sources */ = {isa = PBXBuildFile; fileRef = A09C20FB2C63DD6300155E6B /* FactsPager.swift */; };
		A09E77612C63C99900B709FB /* AnimalFactsApp.swift in Sources */ = {isa = PBXBuildFile; fileRef = A09E77602C63C99900B709FB /* AnimalFactsApp.swift */; };
		A09E77652C63C99A00B709FB /* Assets.xcassets in Resources */ = {isa = PBXBuildFile; fileRef = A09E77642C63C99A00B709FB /* Assets.xcassets */; };
		A09E77682C63C99A00B709FB /* Preview Assets.xcassets in Resources */ = {isa = PBXBuildFile; fileRef = A09E77672C63C99A00B709FB /* Preview Assets.xcassets */; };
		A0A09B092C6778770021891F /* CommonAd.swift in Sources */ = {isa = PBXBuildFile; fileRef = A0A09B082C6778770021891F /* CommonAd.swift */; };
		A0A09B0B2C67791C0021891F /* CommonAdFeature.swift in Sources */ = {isa = PBXBuildFile; fileRef = A0A09B0A2C67791C0021891F /* CommonAdFeature.swift */; };
/* End PBXBuildFile section */

/* Begin PBXFileReference section */
		A0121A9A2C6413C600ED92A1 /* Color+Hex.swift */ = {isa = PBXFileReference; lastKnownFileType = sourcecode.swift; path = "Color+Hex.swift"; sourceTree = "<group>"; };
		A0121A9E2C64CADB00ED92A1 /* APIModel.swift */ = {isa = PBXFileReference; lastKnownFileType = sourcecode.swift; path = APIModel.swift; sourceTree = "<group>"; };
		A0121AA12C64CDAE00ED92A1 /* CategoryListFeature.swift */ = {isa = PBXFileReference; lastKnownFileType = sourcecode.swift; path = CategoryListFeature.swift; sourceTree = "<group>"; };
		A0121AA62C64CF2C00ED92A1 /* APIClient.swift */ = {isa = PBXFileReference; lastKnownFileType = sourcecode.swift; path = APIClient.swift; sourceTree = "<group>"; };
		A012D9B22C664FF7004AF04A /* FactsListFeature.swift */ = {isa = PBXFileReference; lastKnownFileType = sourcecode.swift; path = FactsListFeature.swift; sourceTree = "<group>"; };
		A07251B02C67A8EE004F79B6 /* CategoryRowFeature.swift */ = {isa = PBXFileReference; lastKnownFileType = sourcecode.swift; path = CategoryRowFeature.swift; sourceTree = "<group>"; };
		A07251B22C67B3EB004F79B6 /* AsyncImageLoadingFeature.swift */ = {isa = PBXFileReference; lastKnownFileType = sourcecode.swift; path = AsyncImageLoadingFeature.swift; sourceTree = "<group>"; };
		A07251B42C67B840004F79B6 /* AsyncImageWithFallback.swift */ = {isa = PBXFileReference; lastKnownFileType = sourcecode.swift; path = AsyncImageWithFallback.swift; sourceTree = "<group>"; };
		A07251B62C67B9D0004F79B6 /* CategoryRow.swift */ = {isa = PBXFileReference; lastKnownFileType = sourcecode.swift; path = CategoryRow.swift; sourceTree = "<group>"; };
		A08FEE102C68BC66007837D1 /* FactItemFeature.swift */ = {isa = PBXFileReference; lastKnownFileType = sourcecode.swift; path = FactItemFeature.swift; sourceTree = "<group>"; };
		A08FEE122C68C0AE007837D1 /* FactItem.swift */ = {isa = PBXFileReference; lastKnownFileType = sourcecode.swift; path = FactItem.swift; sourceTree = "<group>"; };
		A09C20F72C63DABA00155E6B /* CategoriesList.swift */ = {isa = PBXFileReference; fileEncoding = 4; lastKnownFileType = sourcecode.swift; path = CategoriesList.swift; sourceTree = "<group>"; };
		A09C20FB2C63DD6300155E6B /* FactsPager.swift */ = {isa = PBXFileReference; lastKnownFileType = sourcecode.swift; path = FactsPager.swift; sourceTree = "<group>"; };
		A09E775D2C63C99900B709FB /* Animal Facts.app */ = {isa = PBXFileReference; explicitFileType = wrapper.application; includeInIndex = 0; path = "Animal Facts.app"; sourceTree = BUILT_PRODUCTS_DIR; };
		A09E77602C63C99900B709FB /* AnimalFactsApp.swift */ = {isa = PBXFileReference; lastKnownFileType = sourcecode.swift; path = AnimalFactsApp.swift; sourceTree = "<group>"; };
		A09E77642C63C99A00B709FB /* Assets.xcassets */ = {isa = PBXFileReference; lastKnownFileType = folder.assetcatalog; path = Assets.xcassets; sourceTree = "<group>"; };
		A09E77672C63C99A00B709FB /* Preview Assets.xcassets */ = {isa = PBXFileReference; lastKnownFileType = folder.assetcatalog; path = "Preview Assets.xcassets"; sourceTree = "<group>"; };
		A09E77712C63CBAD00B709FB /* Common.xcconfig */ = {isa = PBXFileReference; lastKnownFileType = text.xcconfig; path = Common.xcconfig; sourceTree = "<group>"; };
		A0A09B082C6778770021891F /* CommonAd.swift */ = {isa = PBXFileReference; lastKnownFileType = sourcecode.swift; path = CommonAd.swift; sourceTree = "<group>"; };
		A0A09B0A2C67791C0021891F /* CommonAdFeature.swift */ = {isa = PBXFileReference; lastKnownFileType = sourcecode.swift; path = CommonAdFeature.swift; sourceTree = "<group>"; };
/* End PBXFileReference section */

/* Begin PBXFrameworksBuildPhase section */
		A09E775A2C63C99900B709FB /* Frameworks */ = {
			isa = PBXFrameworksBuildPhase;
			buildActionMask = 2147483647;
			files = (
				A0121AA52C64CDC900ED92A1 /* ComposableArchitecture in Frameworks */,
				A013B7D62C63D6E3004BF9F4 /* NetworkClient in Frameworks */,
			);
			runOnlyForDeploymentPostprocessing = 0;
		};
/* End PBXFrameworksBuildPhase section */

/* Begin PBXGroup section */
		A0121A992C6413B600ED92A1 /* Extensions */ = {
			isa = PBXGroup;
			children = (
				A0121A9A2C6413C600ED92A1 /* Color+Hex.swift */,
			);
			path = Extensions;
			sourceTree = "<group>";
		};
		A0121A9C2C64CAC000ED92A1 /* Dependencies */ = {
			isa = PBXGroup;
			children = (
				A0121A9D2C64CACB00ED92A1 /* API */,
			);
			path = Dependencies;
			sourceTree = "<group>";
		};
		A0121A9D2C64CACB00ED92A1 /* API */ = {
			isa = PBXGroup;
			children = (
				A0121A9E2C64CADB00ED92A1 /* APIModel.swift */,
				A0121AA62C64CF2C00ED92A1 /* APIClient.swift */,
			);
			path = API;
			sourceTree = "<group>";
		};
		A0121AA02C64CD9600ED92A1 /* Features */ = {
			isa = PBXGroup;
			children = (
				A0121AA12C64CDAE00ED92A1 /* CategoryListFeature.swift */,
				A07251B22C67B3EB004F79B6 /* AsyncImageLoadingFeature.swift */,
				A012D9B22C664FF7004AF04A /* FactsListFeature.swift */,
				A08FEE102C68BC66007837D1 /* FactItemFeature.swift */,
				A0A09B0A2C67791C0021891F /* CommonAdFeature.swift */,
				A07251B02C67A8EE004F79B6 /* CategoryRowFeature.swift */,
			);
			path = Features;
			sourceTree = "<group>";
		};
		A013B7D12C63D6AD004BF9F4 /* Config */ = {
			isa = PBXGroup;
			children = (
				A09E77712C63CBAD00B709FB /* Common.xcconfig */,
			);
			path = Config;
			sourceTree = "<group>";
		};
		A013B7D22C63D6C5004BF9F4 /* App */ = {
			isa = PBXGroup;
			children = (
				A09E77602C63C99900B709FB /* AnimalFactsApp.swift */,
			);
			path = App;
			sourceTree = "<group>";
		};
		A013B7D32C63D6D4004BF9F4 /* Sources */ = {
			isa = PBXGroup;
			children = (
				A0121AA02C64CD9600ED92A1 /* Features */,
				A0121A9C2C64CAC000ED92A1 /* Dependencies */,
				A0121A992C6413B600ED92A1 /* Extensions */,
				A013B7D72C63DA9C004BF9F4 /* View */,
			);
			path = Sources;
			sourceTree = "<group>";
		};
		A013B7D42C63D6E3004BF9F4 /* Frameworks */ = {
			isa = PBXGroup;
			children = (
			);
			name = Frameworks;
			sourceTree = "<group>";
		};
		A013B7D72C63DA9C004BF9F4 /* View */ = {
			isa = PBXGroup;
			children = (
				A09C20F72C63DABA00155E6B /* CategoriesList.swift */,
				A07251B62C67B9D0004F79B6 /* CategoryRow.swift */,
				A07251B42C67B840004F79B6 /* AsyncImageWithFallback.swift */,
				A09C20FB2C63DD6300155E6B /* FactsPager.swift */,
				A08FEE122C68C0AE007837D1 /* FactItem.swift */,
				A0A09B082C6778770021891F /* CommonAd.swift */,
			);
			path = View;
			sourceTree = "<group>";
		};
		A09E77542C63C99900B709FB = {
			isa = PBXGroup;
			children = (
				A013B7D12C63D6AD004BF9F4 /* Config */,
				A09E775F2C63C99900B709FB /* AnimalFacts */,
				A09E775E2C63C99900B709FB /* Products */,
				A013B7D42C63D6E3004BF9F4 /* Frameworks */,
			);
			sourceTree = "<group>";
		};
		A09E775E2C63C99900B709FB /* Products */ = {
			isa = PBXGroup;
			children = (
				A09E775D2C63C99900B709FB /* Animal Facts.app */,
			);
			name = Products;
			sourceTree = "<group>";
		};
		A09E775F2C63C99900B709FB /* AnimalFacts */ = {
			isa = PBXGroup;
			children = (
				A09E77722C63D01000B709FB /* Resources */,
				A013B7D22C63D6C5004BF9F4 /* App */,
				A013B7D32C63D6D4004BF9F4 /* Sources */,
			);
			path = AnimalFacts;
			sourceTree = "<group>";
		};
		A09E77662C63C99A00B709FB /* Preview Content */ = {
			isa = PBXGroup;
			children = (
				A09E77672C63C99A00B709FB /* Preview Assets.xcassets */,
			);
			path = "Preview Content";
			sourceTree = "<group>";
		};
		A09E77722C63D01000B709FB /* Resources */ = {
			isa = PBXGroup;
			children = (
				A09E77662C63C99A00B709FB /* Preview Content */,
				A09E77642C63C99A00B709FB /* Assets.xcassets */,
			);
			path = Resources;
			sourceTree = "<group>";
		};
/* End PBXGroup section */

/* Begin PBXNativeTarget section */
		A09E775C2C63C99900B709FB /* AnimalFacts */ = {
			isa = PBXNativeTarget;
			buildConfigurationList = A09E776B2C63C99A00B709FB /* Build configuration list for PBXNativeTarget "AnimalFacts" */;
			buildPhases = (
				A09E77592C63C99900B709FB /* Sources */,
				A09E775A2C63C99900B709FB /* Frameworks */,
				A09E775B2C63C99900B709FB /* Resources */,
			);
			buildRules = (
			);
			dependencies = (
			);
			name = AnimalFacts;
			packageProductDependencies = (
				A013B7D52C63D6E3004BF9F4 /* NetworkClient */,
				A0121AA42C64CDC900ED92A1 /* ComposableArchitecture */,
			);
			productName = AnimalFacts;
			productReference = A09E775D2C63C99900B709FB /* Animal Facts.app */;
			productType = "com.apple.product-type.application";
		};
/* End PBXNativeTarget section */

/* Begin PBXProject section */
		A09E77552C63C99900B709FB /* Project object */ = {
			isa = PBXProject;
			attributes = {
				BuildIndependentTargetsInParallel = 1;
				LastSwiftUpdateCheck = 1540;
				LastUpgradeCheck = 1540;
				TargetAttributes = {
					A09E775C2C63C99900B709FB = {
						CreatedOnToolsVersion = 15.4;
					};
				};
			};
			buildConfigurationList = A09E77582C63C99900B709FB /* Build configuration list for PBXProject "AnimalFacts" */;
			compatibilityVersion = "Xcode 14.0";
			developmentRegion = en;
			hasScannedForEncodings = 0;
			knownRegions = (
				en,
				Base,
			);
			mainGroup = A09E77542C63C99900B709FB;
			packageReferences = (
				A0121AA32C64CDC900ED92A1 /* XCRemoteSwiftPackageReference "swift-composable-architecture" */,
			);
			productRefGroup = A09E775E2C63C99900B709FB /* Products */;
			projectDirPath = "";
			projectRoot = "";
			targets = (
				A09E775C2C63C99900B709FB /* AnimalFacts */,
			);
		};
/* End PBXProject section */

/* Begin PBXResourcesBuildPhase section */
		A09E775B2C63C99900B709FB /* Resources */ = {
			isa = PBXResourcesBuildPhase;
			buildActionMask = 2147483647;
			files = (
				A09E77682C63C99A00B709FB /* Preview Assets.xcassets in Resources */,
				A09E77652C63C99A00B709FB /* Assets.xcassets in Resources */,
			);
			runOnlyForDeploymentPostprocessing = 0;
		};
/* End PBXResourcesBuildPhase section */

/* Begin PBXSourcesBuildPhase section */
		A09E77592C63C99900B709FB /* Sources */ = {
			isa = PBXSourcesBuildPhase;
			buildActionMask = 2147483647;
			files = (
				A09C20FC2C63DD6300155E6B /* FactsPager.swift in Sources */,
				A07251B12C67A8EE004F79B6 /* CategoryRowFeature.swift in Sources */,
				A07251B52C67B840004F79B6 /* AsyncImageWithFallback.swift in Sources */,
				A0121AA72C64CF2C00ED92A1 /* APIClient.swift in Sources */,
				A07251B72C67B9D0004F79B6 /* CategoryRow.swift in Sources */,
				A012D9B32C664FF7004AF04A /* FactsListFeature.swift in Sources */,
				A08FEE132C68C0AE007837D1 /* FactItem.swift in Sources */,
				A0121A9B2C6413C600ED92A1 /* Color+Hex.swift in Sources */,
				A0A09B092C6778770021891F /* CommonAd.swift in Sources */,
				A09C20F82C63DABA00155E6B /* CategoriesList.swift in Sources */,
				A09E77612C63C99900B709FB /* AnimalFactsApp.swift in Sources */,
				A07251B32C67B3EB004F79B6 /* AsyncImageLoadingFeature.swift in Sources */,
				A0121AA22C64CDAE00ED92A1 /* CategoryListFeature.swift in Sources */,
				A0A09B0B2C67791C0021891F /* CommonAdFeature.swift in Sources */,
				A0121A9F2C64CADB00ED92A1 /* APIModel.swift in Sources */,
				A08FEE112C68BC66007837D1 /* FactItemFeature.swift in Sources */,
			);
			runOnlyForDeploymentPostprocessing = 0;
		};
/* End PBXSourcesBuildPhase section */

/* Begin XCBuildConfiguration section */
		A09E77692C63C99A00B709FB /* Debug */ = {
			isa = XCBuildConfiguration;
			baseConfigurationReference = A09E77712C63CBAD00B709FB /* Common.xcconfig */;
			buildSettings = {
				ALWAYS_SEARCH_USER_PATHS = NO;
				ASSETCATALOG_COMPILER_GENERATE_SWIFT_ASSET_SYMBOL_EXTENSIONS = YES;
				CLANG_ANALYZER_NONNULL = YES;
				CLANG_ANALYZER_NUMBER_OBJECT_CONVERSION = YES_AGGRESSIVE;
				CLANG_CXX_LANGUAGE_STANDARD = "gnu++20";
				CLANG_ENABLE_MODULES = YES;
				CLANG_ENABLE_OBJC_ARC = YES;
				CLANG_ENABLE_OBJC_WEAK = YES;
				CLANG_WARN_BLOCK_CAPTURE_AUTORELEASING = YES;
				CLANG_WARN_BOOL_CONVERSION = YES;
				CLANG_WARN_COMMA = YES;
				CLANG_WARN_CONSTANT_CONVERSION = YES;
				CLANG_WARN_DEPRECATED_OBJC_IMPLEMENTATIONS = YES;
				CLANG_WARN_DIRECT_OBJC_ISA_USAGE = YES_ERROR;
				CLANG_WARN_DOCUMENTATION_COMMENTS = YES;
				CLANG_WARN_EMPTY_BODY = YES;
				CLANG_WARN_ENUM_CONVERSION = YES;
				CLANG_WARN_INFINITE_RECURSION = YES;
				CLANG_WARN_INT_CONVERSION = YES;
				CLANG_WARN_NON_LITERAL_NULL_CONVERSION = YES;
				CLANG_WARN_OBJC_IMPLICIT_RETAIN_SELF = YES;
				CLANG_WARN_OBJC_LITERAL_CONVERSION = YES;
				CLANG_WARN_OBJC_ROOT_CLASS = YES_ERROR;
				CLANG_WARN_QUOTED_INCLUDE_IN_FRAMEWORK_HEADER = YES;
				CLANG_WARN_RANGE_LOOP_ANALYSIS = YES;
				CLANG_WARN_STRICT_PROTOTYPES = YES;
				CLANG_WARN_SUSPICIOUS_MOVE = YES;
				CLANG_WARN_UNGUARDED_AVAILABILITY = YES_AGGRESSIVE;
				CLANG_WARN_UNREACHABLE_CODE = YES;
				CLANG_WARN__DUPLICATE_METHOD_MATCH = YES;
				COPY_PHASE_STRIP = NO;
				DEBUG_INFORMATION_FORMAT = dwarf;
				ENABLE_STRICT_OBJC_MSGSEND = YES;
				ENABLE_TESTABILITY = YES;
				ENABLE_USER_SCRIPT_SANDBOXING = YES;
				GCC_C_LANGUAGE_STANDARD = gnu17;
				GCC_DYNAMIC_NO_PIC = NO;
				GCC_NO_COMMON_BLOCKS = YES;
				GCC_OPTIMIZATION_LEVEL = 0;
				GCC_PREPROCESSOR_DEFINITIONS = (
					"DEBUG=1",
					"$(inherited)",
				);
				GCC_WARN_64_TO_32_BIT_CONVERSION = YES;
				GCC_WARN_ABOUT_RETURN_TYPE = YES_ERROR;
				GCC_WARN_UNDECLARED_SELECTOR = YES;
				GCC_WARN_UNINITIALIZED_AUTOS = YES_AGGRESSIVE;
				GCC_WARN_UNUSED_FUNCTION = YES;
				GCC_WARN_UNUSED_VARIABLE = YES;
				LOCALIZATION_PREFERS_STRING_CATALOGS = YES;
				MTL_ENABLE_DEBUG_INFO = INCLUDE_SOURCE;
				MTL_FAST_MATH = YES;
				ONLY_ACTIVE_ARCH = YES;
				SDKROOT = iphoneos;
				SWIFT_ACTIVE_COMPILATION_CONDITIONS = "DEBUG $(inherited)";
				SWIFT_OPTIMIZATION_LEVEL = "-Onone";
			};
			name = Debug;
		};
		A09E776A2C63C99A00B709FB /* Release */ = {
			isa = XCBuildConfiguration;
			baseConfigurationReference = A09E77712C63CBAD00B709FB /* Common.xcconfig */;
			buildSettings = {
				ALWAYS_SEARCH_USER_PATHS = NO;
				ASSETCATALOG_COMPILER_GENERATE_SWIFT_ASSET_SYMBOL_EXTENSIONS = YES;
				CLANG_ANALYZER_NONNULL = YES;
				CLANG_ANALYZER_NUMBER_OBJECT_CONVERSION = YES_AGGRESSIVE;
				CLANG_CXX_LANGUAGE_STANDARD = "gnu++20";
				CLANG_ENABLE_MODULES = YES;
				CLANG_ENABLE_OBJC_ARC = YES;
				CLANG_ENABLE_OBJC_WEAK = YES;
				CLANG_WARN_BLOCK_CAPTURE_AUTORELEASING = YES;
				CLANG_WARN_BOOL_CONVERSION = YES;
				CLANG_WARN_COMMA = YES;
				CLANG_WARN_CONSTANT_CONVERSION = YES;
				CLANG_WARN_DEPRECATED_OBJC_IMPLEMENTATIONS = YES;
				CLANG_WARN_DIRECT_OBJC_ISA_USAGE = YES_ERROR;
				CLANG_WARN_DOCUMENTATION_COMMENTS = YES;
				CLANG_WARN_EMPTY_BODY = YES;
				CLANG_WARN_ENUM_CONVERSION = YES;
				CLANG_WARN_INFINITE_RECURSION = YES;
				CLANG_WARN_INT_CONVERSION = YES;
				CLANG_WARN_NON_LITERAL_NULL_CONVERSION = YES;
				CLANG_WARN_OBJC_IMPLICIT_RETAIN_SELF = YES;
				CLANG_WARN_OBJC_LITERAL_CONVERSION = YES;
				CLANG_WARN_OBJC_ROOT_CLASS = YES_ERROR;
				CLANG_WARN_QUOTED_INCLUDE_IN_FRAMEWORK_HEADER = YES;
				CLANG_WARN_RANGE_LOOP_ANALYSIS = YES;
				CLANG_WARN_STRICT_PROTOTYPES = YES;
				CLANG_WARN_SUSPICIOUS_MOVE = YES;
				CLANG_WARN_UNGUARDED_AVAILABILITY = YES_AGGRESSIVE;
				CLANG_WARN_UNREACHABLE_CODE = YES;
				CLANG_WARN__DUPLICATE_METHOD_MATCH = YES;
				COPY_PHASE_STRIP = NO;
				DEBUG_INFORMATION_FORMAT = "dwarf-with-dsym";
				ENABLE_NS_ASSERTIONS = NO;
				ENABLE_STRICT_OBJC_MSGSEND = YES;
				ENABLE_USER_SCRIPT_SANDBOXING = YES;
				GCC_C_LANGUAGE_STANDARD = gnu17;
				GCC_NO_COMMON_BLOCKS = YES;
				GCC_WARN_64_TO_32_BIT_CONVERSION = YES;
				GCC_WARN_ABOUT_RETURN_TYPE = YES_ERROR;
				GCC_WARN_UNDECLARED_SELECTOR = YES;
				GCC_WARN_UNINITIALIZED_AUTOS = YES_AGGRESSIVE;
				GCC_WARN_UNUSED_FUNCTION = YES;
				GCC_WARN_UNUSED_VARIABLE = YES;
				LOCALIZATION_PREFERS_STRING_CATALOGS = YES;
				MTL_ENABLE_DEBUG_INFO = NO;
				MTL_FAST_MATH = YES;
				SDKROOT = iphoneos;
				SWIFT_COMPILATION_MODE = wholemodule;
				VALIDATE_PRODUCT = YES;
			};
			name = Release;
		};
		A09E776C2C63C99A00B709FB /* Debug */ = {
			isa = XCBuildConfiguration;
			baseConfigurationReference = A09E77712C63CBAD00B709FB /* Common.xcconfig */;
			buildSettings = {
				ASSETCATALOG_COMPILER_APPICON_NAME = AppIcon;
				ASSETCATALOG_COMPILER_GLOBAL_ACCENT_COLOR_NAME = AccentColor;
				CODE_SIGN_STYLE = Manual;
				CURRENT_PROJECT_VERSION = 1;
				DEVELOPMENT_ASSET_PATHS = "$(DEVELOPMENT_ASSET_PATHS)";
				DEVELOPMENT_TEAM = "";
				ENABLE_PREVIEWS = YES;
				GENERATE_INFOPLIST_FILE = YES;
				INFOPLIST_FILE = "";
				INFOPLIST_KEY_UIApplicationSceneManifest_Generation = YES;
				INFOPLIST_KEY_UIApplicationSupportsIndirectInputEvents = YES;
				INFOPLIST_KEY_UILaunchScreen_Generation = YES;
				INFOPLIST_KEY_UISupportedInterfaceOrientations = "UIInterfaceOrientationLandscapeLeft UIInterfaceOrientationLandscapeRight UIInterfaceOrientationPortrait";
				LD_RUNPATH_SEARCH_PATHS = (
					"$(inherited)",
					"@executable_path/Frameworks",
				);
				MARKETING_VERSION = 1.0;
				PRODUCT_NAME = "$(PRODUCT_NAME)";
				PROVISIONING_PROFILE_SPECIFIER = "";
				SUPPORTED_PLATFORMS = "iphoneos iphonesimulator";
				SUPPORTS_MACCATALYST = NO;
				SUPPORTS_MAC_DESIGNED_FOR_IPHONE_IPAD = NO;
				SUPPORTS_XR_DESIGNED_FOR_IPHONE_IPAD = NO;
				SWIFT_EMIT_LOC_STRINGS = YES;
				SWIFT_VERSION = 5.0;
				TARGETED_DEVICE_FAMILY = "1,2";
			};
			name = Debug;
		};
		A09E776D2C63C99A00B709FB /* Release */ = {
			isa = XCBuildConfiguration;
			baseConfigurationReference = A09E77712C63CBAD00B709FB /* Common.xcconfig */;
			buildSettings = {
				ASSETCATALOG_COMPILER_APPICON_NAME = AppIcon;
				ASSETCATALOG_COMPILER_GLOBAL_ACCENT_COLOR_NAME = AccentColor;
				CODE_SIGN_STYLE = Manual;
				CURRENT_PROJECT_VERSION = 1;
				DEVELOPMENT_ASSET_PATHS = "$(DEVELOPMENT_ASSET_PATHS)";
				DEVELOPMENT_TEAM = "";
				ENABLE_PREVIEWS = YES;
				GENERATE_INFOPLIST_FILE = YES;
				INFOPLIST_FILE = "";
				INFOPLIST_KEY_UIApplicationSceneManifest_Generation = YES;
				INFOPLIST_KEY_UIApplicationSupportsIndirectInputEvents = YES;
				INFOPLIST_KEY_UILaunchScreen_Generation = YES;
				INFOPLIST_KEY_UISupportedInterfaceOrientations = "UIInterfaceOrientationLandscapeLeft UIInterfaceOrientationLandscapeRight UIInterfaceOrientationPortrait";
				LD_RUNPATH_SEARCH_PATHS = (
					"$(inherited)",
					"@executable_path/Frameworks",
				);
				MARKETING_VERSION = 1.0;
				PRODUCT_NAME = "$(PRODUCT_NAME)";
				PROVISIONING_PROFILE_SPECIFIER = "";
				SUPPORTED_PLATFORMS = "iphoneos iphonesimulator";
				SUPPORTS_MACCATALYST = NO;
				SUPPORTS_MAC_DESIGNED_FOR_IPHONE_IPAD = NO;
				SUPPORTS_XR_DESIGNED_FOR_IPHONE_IPAD = NO;
				SWIFT_EMIT_LOC_STRINGS = YES;
				SWIFT_VERSION = 5.0;
				TARGETED_DEVICE_FAMILY = "1,2";
			};
			name = Release;
		};
/* End XCBuildConfiguration section */

/* Begin XCConfigurationList section */
		A09E77582C63C99900B709FB /* Build configuration list for PBXProject "AnimalFacts" */ = {
			isa = XCConfigurationList;
			buildConfigurations = (
				A09E77692C63C99A00B709FB /* Debug */,
				A09E776A2C63C99A00B709FB /* Release */,
			);
			defaultConfigurationIsVisible = 0;
			defaultConfigurationName = Release;
		};
		A09E776B2C63C99A00B709FB /* Build configuration list for PBXNativeTarget "AnimalFacts" */ = {
			isa = XCConfigurationList;
			buildConfigurations = (
				A09E776C2C63C99A00B709FB /* Debug */,
				A09E776D2C63C99A00B709FB /* Release */,
			);
			defaultConfigurationIsVisible = 0;
			defaultConfigurationName = Release;
		};
/* End XCConfigurationList section */

/* Begin XCRemoteSwiftPackageReference section */
		A0121AA32C64CDC900ED92A1 /* XCRemoteSwiftPackageReference "swift-composable-architecture" */ = {
			isa = XCRemoteSwiftPackageReference;
			repositoryURL = "https://github.com/pointfreeco/swift-composable-architecture.git";
			requirement = {
				kind = upToNextMajorVersion;
				minimumVersion = 1.12.1;
			};
		};
/* End XCRemoteSwiftPackageReference section */

/* Begin XCSwiftPackageProductDependency section */
		A0121AA42C64CDC900ED92A1 /* ComposableArchitecture */ = {
			isa = XCSwiftPackageProductDependency;
			package = A0121AA32C64CDC900ED92A1 /* XCRemoteSwiftPackageReference "swift-composable-architecture" */;
			productName = ComposableArchitecture;
		};
		A013B7D52C63D6E3004BF9F4 /* NetworkClient */ = {
			isa = XCSwiftPackageProductDependency;
			productName = NetworkClient;
		};
/* End XCSwiftPackageProductDependency section */
	};
	rootObject = A09E77552C63C99900B709FB /* Project object */;
}
